<Solution>
  <Project Path="Calculator/Calculator.csproj" Id="dbcecf23-c11f-4f6e-8fae-2be9f3777642" />
  <Project Path="Dictionary/Dictionary.csproj" Id="674ebc2e-6c1b-4c7c-a802-e6e96806ee18" />
  <Project Path="Middlewares/Middlewares.csproj" Id="29fa67a0-40cd-41cd-a17b-e8ab9f996701" />
</Solution>
